
Microsoft Visual Studio Solution File, Format Version 12.00
# Visual Studio 14
VisualStudioVersion = 14.0.25420.1
MinimumVisualStudioVersion = 10.0.40219.1
Project("{D954291E-2A0B-460D-934E-DC6B0785DB48}") = "_1to1Core", "1to1Core\_1to1Core\_1to1Core.shproj", "{7A3DA398-F4CC-4DD5-A9B9-56E334B81C67}"
EndProject
Project("{FAE04EC0-301F-11D3-BF4B-00C04F79EFBC}") = "_1to1Core.Droid", "1to1Core\_1to1Core.Droid\_1to1Core.Droid.csproj", "{9674849B-71A6-43BE-B844-02541943CC07}"
EndProject
Project("{FAE04EC0-301F-11D3-BF4B-00C04F79EFBC}") = "_1to1Core.iOS", "1to1Core\_1to1Core.iOS\_1to1Core.iOS.csproj", "{94465526-5089-41FE-9950-FE647D9105C1}"
EndProject
Project("{FAE04EC0-301F-11D3-BF4B-00C04F79EFBC}") = "_1to1Core.UWP", "1to1Core\_1to1Core.UWP\_1to1Core.UWP.csproj", "{F654557C-D157-45FF-A7BA-7E29305D53CF}"
EndProject
Project("{FAE04EC0-301F-11D3-BF4B-00C04F79EFBC}") = "_1to1CoreLib", "1to1Core\_1to1CoreLib\_1to1CoreLib.csproj", "{D5C4DF18-C2B9-4BA4-A13A-2EA5071A5B31}"
EndProject
Global
	GlobalSection(SharedMSBuildProjectFiles) = preSolution
		1to1Core\_1to1Core\_1to1Core.projitems*{7a3da398-f4cc-4dd5-a9b9-56e334b81c67}*SharedItemsImports = 13
		1to1Core\_1to1Core\_1to1Core.projitems*{94465526-5089-41fe-9950-fe647d9105c1}*SharedItemsImports = 4
		1to1Core\_1to1Core\_1to1Core.projitems*{9674849b-71a6-43be-b844-02541943cc07}*SharedItemsImports = 4
		1to1Core\_1to1Core\_1to1Core.projitems*{f654557c-d157-45ff-a7ba-7e29305d53cf}*SharedItemsImports = 4
	EndGlobalSection
	GlobalSection(SolutionConfigurationPlatforms) = preSolution
		Ad-Hoc|Any CPU = Ad-Hoc|Any CPU
		Ad-Hoc|ARM = Ad-Hoc|ARM
		Ad-Hoc|iPhone = Ad-Hoc|iPhone
		Ad-Hoc|iPhoneSimulator = Ad-Hoc|iPhoneSimulator
		Ad-Hoc|x64 = Ad-Hoc|x64
		Ad-Hoc|x86 = Ad-Hoc|x86
		AppStore|Any CPU = AppStore|Any CPU
		AppStore|ARM = AppStore|ARM
		AppStore|iPhone = AppStore|iPhone
		AppStore|iPhoneSimulator = AppStore|iPhoneSimulator
		AppStore|x64 = AppStore|x64
		AppStore|x86 = AppStore|x86
		Debug|Any CPU = Debug|Any CPU
		Debug|ARM = Debug|ARM
		Debug|iPhone = Debug|iPhone
		Debug|iPhoneSimulator = Debug|iPhoneSimulator
		Debug|x64 = Debug|x64
		Debug|x86 = Debug|x86
		Release|Any CPU = Release|Any CPU
		Release|ARM = Release|ARM
		Release|iPhone = Release|iPhone
		Release|iPhoneSimulator = Release|iPhoneSimulator
		Release|x64 = Release|x64
		Release|x86 = Release|x86
	EndGlobalSection
	GlobalSection(ProjectConfigurationPlatforms) = postSolution
		{9674849B-71A6-43BE-B844-02541943CC07}.Ad-Hoc|Any CPU.ActiveCfg = Release|Any CPU
		{9674849B-71A6-43BE-B844-02541943CC07}.Ad-Hoc|Any CPU.Build.0 = Release|Any CPU
		{9674849B-71A6-43BE-B844-02541943CC07}.Ad-Hoc|Any CPU.Deploy.0 = Release|Any CPU
		{9674849B-71A6-43BE-B844-02541943CC07}.Ad-Hoc|ARM.ActiveCfg = Release|Any CPU
		{9674849B-71A6-43BE-B844-02541943CC07}.Ad-Hoc|ARM.Build.0 = Release|Any CPU
		{9674849B-71A6-43BE-B844-02541943CC07}.Ad-Hoc|ARM.Deploy.0 = Release|Any CPU
		{9674849B-71A6-43BE-B844-02541943CC07}.Ad-Hoc|iPhone.ActiveCfg = Release|Any CPU
		{9674849B-71A6-43BE-B844-02541943CC07}.Ad-Hoc|iPhone.Build.0 = Release|Any CPU
		{9674849B-71A6-43BE-B844-02541943CC07}.Ad-Hoc|iPhone.Deploy.0 = Release|Any CPU
		{9674849B-71A6-43BE-B844-02541943CC07}.Ad-Hoc|iPhoneSimulator.ActiveCfg = Release|Any CPU
		{9674849B-71A6-43BE-B844-02541943CC07}.Ad-Hoc|iPhoneSimulator.Build.0 = Release|Any CPU
		{9674849B-71A6-43BE-B844-02541943CC07}.Ad-Hoc|iPhoneSimulator.Deploy.0 = Release|Any CPU
		{9674849B-71A6-43BE-B844-02541943CC07}.Ad-Hoc|x64.ActiveCfg = Release|Any CPU
		{9674849B-71A6-43BE-B844-02541943CC07}.Ad-Hoc|x64.Build.0 = Release|Any CPU
		{9674849B-71A6-43BE-B844-02541943CC07}.Ad-Hoc|x64.Deploy.0 = Release|Any CPU
		{9674849B-71A6-43BE-B844-02541943CC07}.Ad-Hoc|x86.ActiveCfg = Release|Any CPU
		{9674849B-71A6-43BE-B844-02541943CC07}.Ad-Hoc|x86.Build.0 = Release|Any CPU
		{9674849B-71A6-43BE-B844-02541943CC07}.Ad-Hoc|x86.Deploy.0 = Release|Any CPU
		{9674849B-71A6-43BE-B844-02541943CC07}.AppStore|Any CPU.ActiveCfg = Release|Any CPU
		{9674849B-71A6-43BE-B844-02541943CC07}.AppStore|Any CPU.Build.0 = Release|Any CPU
		{9674849B-71A6-43BE-B844-02541943CC07}.AppStore|Any CPU.Deploy.0 = Release|Any CPU
		{9674849B-71A6-43BE-B844-02541943CC07}.AppStore|ARM.ActiveCfg = Release|Any CPU
		{9674849B-71A6-43BE-B844-02541943CC07}.AppStore|ARM.Build.0 = Release|Any CPU
		{9674849B-71A6-43BE-B844-02541943CC07}.AppStore|ARM.Deploy.0 = Release|Any CPU
		{9674849B-71A6-43BE-B844-02541943CC07}.AppStore|iPhone.ActiveCfg = Release|Any CPU
		{9674849B-71A6-43BE-B844-02541943CC07}.AppStore|iPhone.Build.0 = Release|Any CPU
		{9674849B-71A6-43BE-B844-02541943CC07}.AppStore|iPhone.Deploy.0 = Release|Any CPU
		{9674849B-71A6-43BE-B844-02541943CC07}.AppStore|iPhoneSimulator.ActiveCfg = Release|Any CPU
		{9674849B-71A6-43BE-B844-02541943CC07}.AppStore|iPhoneSimulator.Build.0 = Release|Any CPU
		{9674849B-71A6-43BE-B844-02541943CC07}.AppStore|iPhoneSimulator.Deploy.0 = Release|Any CPU
		{9674849B-71A6-43BE-B844-02541943CC07}.AppStore|x64.ActiveCfg = Release|Any CPU
		{9674849B-71A6-43BE-B844-02541943CC07}.AppStore|x64.Build.0 = Release|Any CPU
		{9674849B-71A6-43BE-B844-02541943CC07}.AppStore|x64.Deploy.0 = Release|Any CPU
		{9674849B-71A6-43BE-B844-02541943CC07}.AppStore|x86.ActiveCfg = Release|Any CPU
		{9674849B-71A6-43BE-B844-02541943CC07}.AppStore|x86.Build.0 = Release|Any CPU
		{9674849B-71A6-43BE-B844-02541943CC07}.AppStore|x86.Deploy.0 = Release|Any CPU
		{9674849B-71A6-43BE-B844-02541943CC07}.Debug|Any CPU.ActiveCfg = Debug|Any CPU
		{9674849B-71A6-43BE-B844-02541943CC07}.Debug|Any CPU.Build.0 = Debug|Any CPU
		{9674849B-71A6-43BE-B844-02541943CC07}.Debug|Any CPU.Deploy.0 = Debug|Any CPU
		{9674849B-71A6-43BE-B844-02541943CC07}.Debug|ARM.ActiveCfg = Debug|Any CPU
		{9674849B-71A6-43BE-B844-02541943CC07}.Debug|ARM.Build.0 = Debug|Any CPU
		{9674849B-71A6-43BE-B844-02541943CC07}.Debug|ARM.Deploy.0 = Debug|Any CPU
		{9674849B-71A6-43BE-B844-02541943CC07}.Debug|iPhone.ActiveCfg = Debug|Any CPU
		{9674849B-71A6-43BE-B844-02541943CC07}.Debug|iPhone.Build.0 = Debug|Any CPU
		{9674849B-71A6-43BE-B844-02541943CC07}.Debug|iPhone.Deploy.0 = Debug|Any CPU
		{9674849B-71A6-43BE-B844-02541943CC07}.Debug|iPhoneSimulator.ActiveCfg = Debug|Any CPU
		{9674849B-71A6-43BE-B844-02541943CC07}.Debug|iPhoneSimulator.Build.0 = Debug|Any CPU
		{9674849B-71A6-43BE-B844-02541943CC07}.Debug|iPhoneSimulator.Deploy.0 = Debug|Any CPU
		{9674849B-71A6-43BE-B844-02541943CC07}.Debug|x64.ActiveCfg = Debug|Any CPU
		{9674849B-71A6-43BE-B844-02541943CC07}.Debug|x64.Build.0 = Debug|Any CPU
		{9674849B-71A6-43BE-B844-02541943CC07}.Debug|x64.Deploy.0 = Debug|Any CPU
		{9674849B-71A6-43BE-B844-02541943CC07}.Debug|x86.ActiveCfg = Debug|Any CPU
		{9674849B-71A6-43BE-B844-02541943CC07}.Release|Any CPU.ActiveCfg = Release|Any CPU
		{9674849B-71A6-43BE-B844-02541943CC07}.Release|Any CPU.Build.0 = Release|Any CPU
		{9674849B-71A6-43BE-B844-02541943CC07}.Release|Any CPU.Deploy.0 = Release|Any CPU
		{9674849B-71A6-43BE-B844-02541943CC07}.Release|ARM.ActiveCfg = Release|Any CPU
		{9674849B-71A6-43BE-B844-02541943CC07}.Release|ARM.Build.0 = Release|Any CPU
		{9674849B-71A6-43BE-B844-02541943CC07}.Release|ARM.Deploy.0 = Release|Any CPU
		{9674849B-71A6-43BE-B844-02541943CC07}.Release|iPhone.ActiveCfg = Release|Any CPU
		{9674849B-71A6-43BE-B844-02541943CC07}.Release|iPhone.Build.0 = Release|Any CPU
		{9674849B-71A6-43BE-B844-02541943CC07}.Release|iPhone.Deploy.0 = Release|Any CPU
		{9674849B-71A6-43BE-B844-02541943CC07}.Release|iPhoneSimulator.ActiveCfg = Release|Any CPU
		{9674849B-71A6-43BE-B844-02541943CC07}.Release|iPhoneSimulator.Build.0 = Release|Any CPU
		{9674849B-71A6-43BE-B844-02541943CC07}.Release|iPhoneSimulator.Deploy.0 = Release|Any CPU
		{9674849B-71A6-43BE-B844-02541943CC07}.Release|x64.ActiveCfg = Release|Any CPU
		{9674849B-71A6-43BE-B844-02541943CC07}.Release|x64.Build.0 = Release|Any CPU
		{9674849B-71A6-43BE-B844-02541943CC07}.Release|x64.Deploy.0 = Release|Any CPU
		{9674849B-71A6-43BE-B844-02541943CC07}.Release|x86.ActiveCfg = Release|Any CPU
		{9674849B-71A6-43BE-B844-02541943CC07}.Release|x86.Build.0 = Release|Any CPU
		{9674849B-71A6-43BE-B844-02541943CC07}.Release|x86.Deploy.0 = Release|Any CPU
		{94465526-5089-41FE-9950-FE647D9105C1}.Ad-Hoc|Any CPU.ActiveCfg = Ad-Hoc|iPhone
		{94465526-5089-41FE-9950-FE647D9105C1}.Ad-Hoc|ARM.ActiveCfg = Ad-Hoc|iPhone
		{94465526-5089-41FE-9950-FE647D9105C1}.Ad-Hoc|iPhone.ActiveCfg = Ad-Hoc|iPhone
		{94465526-5089-41FE-9950-FE647D9105C1}.Ad-Hoc|iPhone.Build.0 = Ad-Hoc|iPhone
		{94465526-5089-41FE-9950-FE647D9105C1}.Ad-Hoc|iPhoneSimulator.ActiveCfg = Ad-Hoc|iPhoneSimulator
		{94465526-5089-41FE-9950-FE647D9105C1}.Ad-Hoc|iPhoneSimulator.Build.0 = Ad-Hoc|iPhoneSimulator
		{94465526-5089-41FE-9950-FE647D9105C1}.Ad-Hoc|x64.ActiveCfg = Ad-Hoc|iPhone
		{94465526-5089-41FE-9950-FE647D9105C1}.Ad-Hoc|x86.ActiveCfg = Ad-Hoc|iPhone
		{94465526-5089-41FE-9950-FE647D9105C1}.AppStore|Any CPU.ActiveCfg = AppStore|iPhone
		{94465526-5089-41FE-9950-FE647D9105C1}.AppStore|ARM.ActiveCfg = AppStore|iPhone
		{94465526-5089-41FE-9950-FE647D9105C1}.AppStore|iPhone.ActiveCfg = AppStore|iPhone
		{94465526-5089-41FE-9950-FE647D9105C1}.AppStore|iPhone.Build.0 = AppStore|iPhone
		{94465526-5089-41FE-9950-FE647D9105C1}.AppStore|iPhoneSimulator.ActiveCfg = AppStore|iPhoneSimulator
		{94465526-5089-41FE-9950-FE647D9105C1}.AppStore|iPhoneSimulator.Build.0 = AppStore|iPhoneSimulator
		{94465526-5089-41FE-9950-FE647D9105C1}.AppStore|x64.ActiveCfg = AppStore|iPhone
		{94465526-5089-41FE-9950-FE647D9105C1}.AppStore|x86.ActiveCfg = AppStore|iPhone
		{94465526-5089-41FE-9950-FE647D9105C1}.Debug|Any CPU.ActiveCfg = Debug|iPhone
		{94465526-5089-41FE-9950-FE647D9105C1}.Debug|ARM.ActiveCfg = Debug|iPhone
		{94465526-5089-41FE-9950-FE647D9105C1}.Debug|iPhone.ActiveCfg = Debug|iPhone
		{94465526-5089-41FE-9950-FE647D9105C1}.Debug|iPhone.Build.0 = Debug|iPhone
		{94465526-5089-41FE-9950-FE647D9105C1}.Debug|iPhoneSimulator.ActiveCfg = Debug|iPhoneSimulator
		{94465526-5089-41FE-9950-FE647D9105C1}.Debug|iPhoneSimulator.Build.0 = Debug|iPhoneSimulator
		{94465526-5089-41FE-9950-FE647D9105C1}.Debug|x64.ActiveCfg = Debug|iPhone
		{94465526-5089-41FE-9950-FE647D9105C1}.Debug|x86.ActiveCfg = Debug|iPhone
		{94465526-5089-41FE-9950-FE647D9105C1}.Release|Any CPU.ActiveCfg = Release|iPhone
		{94465526-5089-41FE-9950-FE647D9105C1}.Release|ARM.ActiveCfg = Release|iPhone
		{94465526-5089-41FE-9950-FE647D9105C1}.Release|iPhone.ActiveCfg = Release|iPhone
		{94465526-5089-41FE-9950-FE647D9105C1}.Release|iPhone.Build.0 = Release|iPhone
		{94465526-5089-41FE-9950-FE647D9105C1}.Release|iPhoneSimulator.ActiveCfg = Release|iPhoneSimulator
		{94465526-5089-41FE-9950-FE647D9105C1}.Release|iPhoneSimulator.Build.0 = Release|iPhoneSimulator
		{94465526-5089-41FE-9950-FE647D9105C1}.Release|x64.ActiveCfg = Release|iPhone
		{94465526-5089-41FE-9950-FE647D9105C1}.Release|x86.ActiveCfg = Release|iPhone
		{F654557C-D157-45FF-A7BA-7E29305D53CF}.Ad-Hoc|Any CPU.ActiveCfg = Release|x86
		{F654557C-D157-45FF-A7BA-7E29305D53CF}.Ad-Hoc|Any CPU.Build.0 = Release|x86
		{F654557C-D157-45FF-A7BA-7E29305D53CF}.Ad-Hoc|Any CPU.Deploy.0 = Release|x86
		{F654557C-D157-45FF-A7BA-7E29305D53CF}.Ad-Hoc|ARM.ActiveCfg = Release|ARM
		{F654557C-D157-45FF-A7BA-7E29305D53CF}.Ad-Hoc|ARM.Build.0 = Release|ARM
		{F654557C-D157-45FF-A7BA-7E29305D53CF}.Ad-Hoc|ARM.Deploy.0 = Release|ARM
		{F654557C-D157-45FF-A7BA-7E29305D53CF}.Ad-Hoc|iPhone.ActiveCfg = Release|x86
		{F654557C-D157-45FF-A7BA-7E29305D53CF}.Ad-Hoc|iPhone.Build.0 = Release|x86
		{F654557C-D157-45FF-A7BA-7E29305D53CF}.Ad-Hoc|iPhone.Deploy.0 = Release|x86
		{F654557C-D157-45FF-A7BA-7E29305D53CF}.Ad-Hoc|iPhoneSimulator.ActiveCfg = Release|x86
		{F654557C-D157-45FF-A7BA-7E29305D53CF}.Ad-Hoc|iPhoneSimulator.Build.0 = Release|x86
		{F654557C-D157-45FF-A7BA-7E29305D53CF}.Ad-Hoc|iPhoneSimulator.Deploy.0 = Release|x86
		{F654557C-D157-45FF-A7BA-7E29305D53CF}.Ad-Hoc|x64.ActiveCfg = Release|x64
		{F654557C-D157-45FF-A7BA-7E29305D53CF}.Ad-Hoc|x64.Build.0 = Release|x64
		{F654557C-D157-45FF-A7BA-7E29305D53CF}.Ad-Hoc|x64.Deploy.0 = Release|x64
		{F654557C-D157-45FF-A7BA-7E29305D53CF}.Ad-Hoc|x86.ActiveCfg = Release|x86
		{F654557C-D157-45FF-A7BA-7E29305D53CF}.Ad-Hoc|x86.Build.0 = Release|x86
		{F654557C-D157-45FF-A7BA-7E29305D53CF}.Ad-Hoc|x86.Deploy.0 = Release|x86
		{F654557C-D157-45FF-A7BA-7E29305D53CF}.AppStore|Any CPU.ActiveCfg = Release|x86
		{F654557C-D157-45FF-A7BA-7E29305D53CF}.AppStore|Any CPU.Build.0 = Release|x86
		{F654557C-D157-45FF-A7BA-7E29305D53CF}.AppStore|Any CPU.Deploy.0 = Release|x86
		{F654557C-D157-45FF-A7BA-7E29305D53CF}.AppStore|ARM.ActiveCfg = Release|ARM
		{F654557C-D157-45FF-A7BA-7E29305D53CF}.AppStore|ARM.Build.0 = Release|ARM
		{F654557C-D157-45FF-A7BA-7E29305D53CF}.AppStore|ARM.Deploy.0 = Release|ARM
		{F654557C-D157-45FF-A7BA-7E29305D53CF}.AppStore|iPhone.ActiveCfg = Release|x86
		{F654557C-D157-45FF-A7BA-7E29305D53CF}.AppStore|iPhone.Build.0 = Release|x86
		{F654557C-D157-45FF-A7BA-7E29305D53CF}.AppStore|iPhone.Deploy.0 = Release|x86
		{F654557C-D157-45FF-A7BA-7E29305D53CF}.AppStore|iPhoneSimulator.ActiveCfg = Release|x86
		{F654557C-D157-45FF-A7BA-7E29305D53CF}.AppStore|iPhoneSimulator.Build.0 = Release|x86
		{F654557C-D157-45FF-A7BA-7E29305D53CF}.AppStore|iPhoneSimulator.Deploy.0 = Release|x86
		{F654557C-D157-45FF-A7BA-7E29305D53CF}.AppStore|x64.ActiveCfg = Release|x64
		{F654557C-D157-45FF-A7BA-7E29305D53CF}.AppStore|x64.Build.0 = Release|x64
		{F654557C-D157-45FF-A7BA-7E29305D53CF}.AppStore|x64.Deploy.0 = Release|x64
		{F654557C-D157-45FF-A7BA-7E29305D53CF}.AppStore|x86.ActiveCfg = Release|x86
		{F654557C-D157-45FF-A7BA-7E29305D53CF}.AppStore|x86.Build.0 = Release|x86
		{F654557C-D157-45FF-A7BA-7E29305D53CF}.AppStore|x86.Deploy.0 = Release|x86
		{F654557C-D157-45FF-A7BA-7E29305D53CF}.Debug|Any CPU.ActiveCfg = Debug|x86
		{F654557C-D157-45FF-A7BA-7E29305D53CF}.Debug|ARM.ActiveCfg = Debug|ARM
		{F654557C-D157-45FF-A7BA-7E29305D53CF}.Debug|ARM.Build.0 = Debug|ARM
		{F654557C-D157-45FF-A7BA-7E29305D53CF}.Debug|ARM.Deploy.0 = Debug|ARM
		{F654557C-D157-45FF-A7BA-7E29305D53CF}.Debug|iPhone.ActiveCfg = Debug|x86
		{F654557C-D157-45FF-A7BA-7E29305D53CF}.Debug|iPhoneSimulator.ActiveCfg = Debug|x86
		{F654557C-D157-45FF-A7BA-7E29305D53CF}.Debug|x64.ActiveCfg = Debug|x64
		{F654557C-D157-45FF-A7BA-7E29305D53CF}.Debug|x64.Build.0 = Debug|x64
		{F654557C-D157-45FF-A7BA-7E29305D53CF}.Debug|x64.Deploy.0 = Debug|x64
		{F654557C-D157-45FF-A7BA-7E29305D53CF}.Debug|x86.ActiveCfg = Debug|x86
		{F654557C-D157-45FF-A7BA-7E29305D53CF}.Debug|x86.Build.0 = Debug|x86
		{F654557C-D157-45FF-A7BA-7E29305D53CF}.Debug|x86.Deploy.0 = Debug|x86
		{F654557C-D157-45FF-A7BA-7E29305D53CF}.Release|Any CPU.ActiveCfg = Release|x86
		{F654557C-D157-45FF-A7BA-7E29305D53CF}.Release|ARM.ActiveCfg = Release|ARM
		{F654557C-D157-45FF-A7BA-7E29305D53CF}.Release|ARM.Build.0 = Release|ARM
		{F654557C-D157-45FF-A7BA-7E29305D53CF}.Release|ARM.Deploy.0 = Release|ARM
		{F654557C-D157-45FF-A7BA-7E29305D53CF}.Release|iPhone.ActiveCfg = Release|x86
		{F654557C-D157-45FF-A7BA-7E29305D53CF}.Release|iPhoneSimulator.ActiveCfg = Release|x86
		{F654557C-D157-45FF-A7BA-7E29305D53CF}.Release|x64.ActiveCfg = Release|x64
		{F654557C-D157-45FF-A7BA-7E29305D53CF}.Release|x64.Build.0 = Release|x64
		{F654557C-D157-45FF-A7BA-7E29305D53CF}.Release|x64.Deploy.0 = Release|x64
		{F654557C-D157-45FF-A7BA-7E29305D53CF}.Release|x86.ActiveCfg = Release|x86
		{F654557C-D157-45FF-A7BA-7E29305D53CF}.Release|x86.Build.0 = Release|x86
		{F654557C-D157-45FF-A7BA-7E29305D53CF}.Release|x86.Deploy.0 = Release|x86
		{D5C4DF18-C2B9-4BA4-A13A-2EA5071A5B31}.Ad-Hoc|Any CPU.ActiveCfg = Release|Any CPU
		{D5C4DF18-C2B9-4BA4-A13A-2EA5071A5B31}.Ad-Hoc|Any CPU.Build.0 = Release|Any CPU
		{D5C4DF18-C2B9-4BA4-A13A-2EA5071A5B31}.Ad-Hoc|ARM.ActiveCfg = Release|Any CPU
		{D5C4DF18-C2B9-4BA4-A13A-2EA5071A5B31}.Ad-Hoc|ARM.Build.0 = Release|Any CPU
		{D5C4DF18-C2B9-4BA4-A13A-2EA5071A5B31}.Ad-Hoc|iPhone.ActiveCfg = Release|Any CPU
		{D5C4DF18-C2B9-4BA4-A13A-2EA5071A5B31}.Ad-Hoc|iPhone.Build.0 = Release|Any CPU
		{D5C4DF18-C2B9-4BA4-A13A-2EA5071A5B31}.Ad-Hoc|iPhoneSimulator.ActiveCfg = Release|Any CPU
		{D5C4DF18-C2B9-4BA4-A13A-2EA5071A5B31}.Ad-Hoc|iPhoneSimulator.Build.0 = Release|Any CPU
		{D5C4DF18-C2B9-4BA4-A13A-2EA5071A5B31}.Ad-Hoc|x64.ActiveCfg = Release|Any CPU
		{D5C4DF18-C2B9-4BA4-A13A-2EA5071A5B31}.Ad-Hoc|x64.Build.0 = Release|Any CPU
		{D5C4DF18-C2B9-4BA4-A13A-2EA5071A5B31}.Ad-Hoc|x86.ActiveCfg = Release|Any CPU
		{D5C4DF18-C2B9-4BA4-A13A-2EA5071A5B31}.Ad-Hoc|x86.Build.0 = Release|Any CPU
		{D5C4DF18-C2B9-4BA4-A13A-2EA5071A5B31}.AppStore|Any CPU.ActiveCfg = Release|Any CPU
		{D5C4DF18-C2B9-4BA4-A13A-2EA5071A5B31}.AppStore|Any CPU.Build.0 = Release|Any CPU
		{D5C4DF18-C2B9-4BA4-A13A-2EA5071A5B31}.AppStore|ARM.ActiveCfg = Release|Any CPU
		{D5C4DF18-C2B9-4BA4-A13A-2EA5071A5B31}.AppStore|ARM.Build.0 = Release|Any CPU
		{D5C4DF18-C2B9-4BA4-A13A-2EA5071A5B31}.AppStore|iPhone.ActiveCfg = Release|Any CPU
		{D5C4DF18-C2B9-4BA4-A13A-2EA5071A5B31}.AppStore|iPhone.Build.0 = Release|Any CPU
		{D5C4DF18-C2B9-4BA4-A13A-2EA5071A5B31}.AppStore|iPhoneSimulator.ActiveCfg = Release|Any CPU
		{D5C4DF18-C2B9-4BA4-A13A-2EA5071A5B31}.AppStore|iPhoneSimulator.Build.0 = Release|Any CPU
		{D5C4DF18-C2B9-4BA4-A13A-2EA5071A5B31}.AppStore|x64.ActiveCfg = Release|Any CPU
		{D5C4DF18-C2B9-4BA4-A13A-2EA5071A5B31}.AppStore|x64.Build.0 = Release|Any CPU
		{D5C4DF18-C2B9-4BA4-A13A-2EA5071A5B31}.AppStore|x86.ActiveCfg = Release|Any CPU
		{D5C4DF18-C2B9-4BA4-A13A-2EA5071A5B31}.AppStore|x86.Build.0 = Release|Any CPU
		{D5C4DF18-C2B9-4BA4-A13A-2EA5071A5B31}.Debug|Any CPU.ActiveCfg = Debug|Any CPU
		{D5C4DF18-C2B9-4BA4-A13A-2EA5071A5B31}.Debug|Any CPU.Build.0 = Debug|Any CPU
		{D5C4DF18-C2B9-4BA4-A13A-2EA5071A5B31}.Debug|ARM.ActiveCfg = Debug|Any CPU
		{D5C4DF18-C2B9-4BA4-A13A-2EA5071A5B31}.Debug|ARM.Build.0 = Debug|Any CPU
		{D5C4DF18-C2B9-4BA4-A13A-2EA5071A5B31}.Debug|iPhone.ActiveCfg = Debug|Any CPU
		{D5C4DF18-C2B9-4BA4-A13A-2EA5071A5B31}.Debug|iPhone.Build.0 = Debug|Any CPU
		{D5C4DF18-C2B9-4BA4-A13A-2EA5071A5B31}.Debug|iPhoneSimulator.ActiveCfg = Debug|Any CPU
		{D5C4DF18-C2B9-4BA4-A13A-2EA5071A5B31}.Debug|iPhoneSimulator.Build.0 = Debug|Any CPU
		{D5C4DF18-C2B9-4BA4-A13A-2EA5071A5B31}.Debug|x64.ActiveCfg = Debug|Any CPU
		{D5C4DF18-C2B9-4BA4-A13A-2EA5071A5B31}.Debug|x64.Build.0 = Debug|Any CPU
		{D5C4DF18-C2B9-4BA4-A13A-2EA5071A5B31}.Debug|x86.ActiveCfg = Debug|Any CPU
		{D5C4DF18-C2B9-4BA4-A13A-2EA5071A5B31}.Debug|x86.Build.0 = Debug|Any CPU
		{D5C4DF18-C2B9-4BA4-A13A-2EA5071A5B31}.Release|Any CPU.ActiveCfg = Release|Any CPU
		{D5C4DF18-C2B9-4BA4-A13A-2EA5071A5B31}.Release|Any CPU.Build.0 = Release|Any CPU
		{D5C4DF18-C2B9-4BA4-A13A-2EA5071A5B31}.Release|ARM.ActiveCfg = Release|Any CPU
		{D5C4DF18-C2B9-4BA4-A13A-2EA5071A5B31}.Release|ARM.Build.0 = Release|Any CPU
		{D5C4DF18-C2B9-4BA4-A13A-2EA5071A5B31}.Release|iPhone.ActiveCfg = Release|Any CPU
		{D5C4DF18-C2B9-4BA4-A13A-2EA5071A5B31}.Release|iPhone.Build.0 = Release|Any CPU
		{D5C4DF18-C2B9-4BA4-A13A-2EA5071A5B31}.Release|iPhoneSimulator.ActiveCfg = Release|Any CPU
		{D5C4DF18-C2B9-4BA4-A13A-2EA5071A5B31}.Release|iPhoneSimulator.Build.0 = Release|Any CPU
		{D5C4DF18-C2B9-4BA4-A13A-2EA5071A5B31}.Release|x64.ActiveCfg = Release|Any CPU
		{D5C4DF18-C2B9-4BA4-A13A-2EA5071A5B31}.Release|x64.Build.0 = Release|Any CPU
		{D5C4DF18-C2B9-4BA4-A13A-2EA5071A5B31}.Release|x86.ActiveCfg = Release|Any CPU
		{D5C4DF18-C2B9-4BA4-A13A-2EA5071A5B31}.Release|x86.Build.0 = Release|Any CPU
	EndGlobalSection
	GlobalSection(SolutionProperties) = preSolution
		HideSolutionNode = FALSE
	EndGlobalSection
EndGlobal
